
Microsoft Visual Studio Solution File, Format Version 12.00
# Visual Studio Version 17
VisualStudioVersion = 17.7.34003.232
MinimumVisualStudioVersion = 10.0.40219.1
Project("{FAE04EC0-301F-11D3-BF4B-00C04F79EFBC}") = "Patrol", "Patrol\Patrol.csproj", "{95B635B8-E950-45F5-A2EF-F5C19FF5ACBF}"
EndProject
Global
	GlobalSection(SolutionConfigurationPlatforms) = preSolution
		Debug|Any CPU = Debug|Any CPU
		Release|Any CPU = Release|Any CPU
	EndGlobalSection
	GlobalSection(ProjectConfigurationPlatforms) = postSolution
		{95B635B8-E950-45F5-A2EF-F5C19FF5ACBF}.Debug|Any CPU.ActiveCfg = Debug|Any CPU
		{95B635B8-E950-45F5-A2EF-F5C19FF5ACBF}.Debug|Any CPU.Build.0 = Debug|Any CPU
		{95B635B8-E950-45F5-A2EF-F5C19FF5ACBF}.Release|Any CPU.ActiveCfg = Release|Any CPU
		{95B635B8-E950-45F5-A2EF-F5C19FF5ACBF}.Release|Any CPU.Build.0 = Release|Any CPU
	EndGlobalSection
	GlobalSection(SolutionProperties) = preSolution
		HideSolutionNode = FALSE
	EndGlobalSection
	GlobalSection(ExtensibilityGlobals) = postSolution
		SolutionGuid = {83C364C8-676C-4944-9F93-5C6B2448EA58}
	EndGlobalSection
EndGlobal
